PODS:
  - RenderCloud (2.0.1)
  - RenderPay (0.9.0):
    - RenderCloud
    - RxCocoa
    - RxOptional
    - RxSwift
  - RxCocoa (4.5.0):
    - RxSwift (>= 4.4.2, ~> 4.4)
  - RxOptional (3.6.2):
    - RxCocoa (~> 4.0)
    - RxSwift (~> 4.0)
  - RxSwift (4.5.0)

DEPENDENCIES:
  - RenderCloud (from `../../rendercloud`)
  - RenderPay (from `../`)
  - RxCocoa (~> 4.5)
  - RxOptional (~> 3.6)
  - RxSwift (~> 4.5)

SPEC REPOS:
  trunk:
    - RxCocoa
    - RxOptional
    - RxSwift

EXTERNAL SOURCES:
  RenderCloud:
    :path: "../../rendercloud"
  RenderPay:
    :path: "../"

SPEC CHECKSUMS:
  RenderCloud: 445ade53c7a447e8750ce16d6fbfe37c737c312e
  RenderPay: d54ae75f36137dad7416a8fe903f00b331ad2126
  RxCocoa: cbf70265dc65a981d4ac982e513c10cf23df24a0
  RxOptional: 80426a0ddbd092573e4c482d8cc13302078c4d5e
  RxSwift: f172070dfd1a93d70a9ab97a5a01166206e1c575

PODFILE CHECKSUM: a2743465dd9803e4964d80f34350aa99248c0031

COCOAPODS: 1.8.4
