PODS:
  - RenderCloud (2.0.0)
  - RenderPay (0.2.1):
    - RenderCloud
    - Stripe
  - Stripe (14.0.0)

DEPENDENCIES:
  - RenderCloud (from `https://bitbucket.org/renderapps/RenderCloud`, tag `2.0.0`)
  - RenderPay (from `../`)
  - Stripe (~> 14.0)

SPEC REPOS:
  https://github.com/CocoaPods/Specs.git:
    - Stripe

EXTERNAL SOURCES:
  RenderCloud:
    :git: https://bitbucket.org/renderapps/RenderCloud
    :tag: 2.0.0
  RenderPay:
    :path: "../"

CHECKOUT OPTIONS:
  RenderCloud:
    :git: https://bitbucket.org/renderapps/RenderCloud
    :tag: 2.0.0

SPEC CHECKSUMS:
  RenderCloud: e16de59e8a2f4fc4d46fac3a7118ae2e7b10973b
  RenderPay: d2fb887d0cabe49eeb125d2a3c7e1ae85668ceb1
  Stripe: db29ad197c74aca6fb981e4e8355cf7ebd0fca5a

PODFILE CHECKSUM: 7148631c0fd1c397b2e03aaa572e53ca8f669445

COCOAPODS: 1.8.4
